// !$*UTF8*$!
{
	archiveVersion = 1;
	classes = {
	};
	objectVersion = 55;
	objects = {

/* Begin PBXBuildFile section */
		1C06C6B72784E84E001B6564 /* ContatoDao.m in Sources */ = {isa = PBXBuildFile; fileRef = 1C06C6B62784E84E001B6564 /* ContatoDao.m */; };
		1C681303277A22630007338F /* AppDelegate.m in Sources */ = {isa = PBXBuildFile; fileRef = 1C681302277A22630007338F /* AppDelegate.m */; };
		1C681306277A22630007338F /* SceneDelegate.m in Sources */ = {isa = PBXBuildFile; fileRef = 1C681305277A22630007338F /* SceneDelegate.m */; };
		1C681309277A22630007338F /* ViewController.m in Sources */ = {isa = PBXBuildFile; fileRef = 1C681308277A22630007338F /* ViewController.m */; };
		1C68130C277A22630007338F /* Main.storyboard in Resources */ = {isa = PBXBuildFile; fileRef = 1C68130A277A22630007338F /* Main.storyboard */; };
		1C68130E277A22650007338F /* Assets.xcassets in Resources */ = {isa = PBXBuildFile; fileRef = 1C68130D277A22650007338F /* Assets.xcassets */; };
		1C681311277A22650007338F /* LaunchScreen.storyboard in Resources */ = {isa = PBXBuildFile; fileRef = 1C68130F277A22650007338F /* LaunchScreen.storyboard */; };
		1C681314277A22650007338F /* main.m in Sources */ = {isa = PBXBuildFile; fileRef = 1C681313277A22650007338F /* main.m */; };
		1C68131C277A32CE0007338F /* Contato.m in Sources */ = {isa = PBXBuildFile; fileRef = 1C68131B277A32CE0007338F /* Contato.m */; };
		1C88DCF0277B997B007FBAC2 /* ListaContatosViewController.m in Sources */ = {isa = PBXBuildFile; fileRef = 1C88DCEF277B997B007FBAC2 /* ListaContatosViewController.m */; };
/* End PBXBuildFile section */

/* Begin PBXFileReference section */
		1C06C6B52784E84E001B6564 /* ContatoDao.h */ = {isa = PBXFileReference; lastKnownFileType = sourcecode.c.h; path = ContatoDao.h; sourceTree = "<group>"; };
		1C06C6B62784E84E001B6564 /* ContatoDao.m */ = {isa = PBXFileReference; lastKnownFileType = sourcecode.c.objc; path = ContatoDao.m; sourceTree = "<group>"; };
		1C6812FE277A22630007338F /* AgendaDeContatos.app */ = {isa = PBXFileReference; explicitFileType = wrapper.application; includeInIndex = 0; path = AgendaDeContatos.app; sourceTree = BUILT_PRODUCTS_DIR; };
		1C681301277A22630007338F /* AppDelegate.h */ = {isa = PBXFileReference; lastKnownFileType = sourcecode.c.h; path = AppDelegate.h; sourceTree = "<group>"; };
		1C681302277A22630007338F /* AppDelegate.m */ = {isa = PBXFileReference; lastKnownFileType = sourcecode.c.objc; path = AppDelegate.m; sourceTree = "<group>"; };
		1C681304277A22630007338F /* SceneDelegate.h */ = {isa = PBXFileReference; lastKnownFileType = sourcecode.c.h; path = SceneDelegate.h; sourceTree = "<group>"; };
		1C681305277A22630007338F /* SceneDelegate.m */ = {isa = PBXFileReference; lastKnownFileType = sourcecode.c.objc; path = SceneDelegate.m; sourceTree = "<group>"; };
		1C681307277A22630007338F /* ViewController.h */ = {isa = PBXFileReference; lastKnownFileType = sourcecode.c.h; path = ViewController.h; sourceTree = "<group>"; };
		1C681308277A22630007338F /* ViewController.m */ = {isa = PBXFileReference; lastKnownFileType = sourcecode.c.objc; path = ViewController.m; sourceTree = "<group>"; };
		1C68130B277A22630007338F /* Base */ = {isa = PBXFileReference; lastKnownFileType = file.storyboard; name = Base; path = Base.lproj/Main.storyboard; sourceTree = "<group>"; };
		1C68130D277A22650007338F /* Assets.xcassets */ = {isa = PBXFileReference; lastKnownFileType = folder.assetcatalog; path = Assets.xcassets; sourceTree = "<group>"; };
		1C681310277A22650007338F /* Base */ = {isa = PBXFileReference; lastKnownFileType = file.storyboard; name = Base; path = Base.lproj/LaunchScreen.storyboard; sourceTree = "<group>"; };
		1C681312277A22650007338F /* Info.plist */ = {isa = PBXFileReference; lastKnownFileType = text.plist.xml; path = Info.plist; sourceTree = "<group>"; };
		1C681313277A22650007338F /* main.m */ = {isa = PBXFileReference; lastKnownFileType = sourcecode.c.objc; path = main.m; sourceTree = "<group>"; };
		1C68131A277A32CE0007338F /* Contato.h */ = {isa = PBXFileReference; lastKnownFileType = sourcecode.c.h; path = Contato.h; sourceTree = "<group>"; };
		1C68131B277A32CE0007338F /* Contato.m */ = {isa = PBXFileReference; lastKnownFileType = sourcecode.c.objc; path = Contato.m; sourceTree = "<group>"; };
		1C88DCEE277B997B007FBAC2 /* ListaContatosViewController.h */ = {isa = PBXFileReference; lastKnownFileType = sourcecode.c.h; path = ListaContatosViewController.h; sourceTree = "<group>"; };
		1C88DCEF277B997B007FBAC2 /* ListaContatosViewController.m */ = {isa = PBXFileReference; lastKnownFileType = sourcecode.c.objc; path = ListaContatosViewController.m; sourceTree = "<group>"; };
/* End PBXFileReference section */

/* Begin PBXFrameworksBuildPhase section */
		1C6812FB277A22630007338F /* Frameworks */ = {
			isa = PBXFrameworksBuildPhase;
			buildActionMask = 2147483647;
			files = (
			);
			runOnlyForDeploymentPostprocessing = 0;
		};
/* End PBXFrameworksBuildPhase section */

/* Begin PBXGroup section */
		1C6812F5277A22630007338F = {
			isa = PBXGroup;
			children = (
				1C681300277A22630007338F /* AgendaDeContatos */,
				1C6812FF277A22630007338F /* Products */,
			);
			sourceTree = "<group>";
		};
		1C6812FF277A22630007338F /* Products */ = {
			isa = PBXGroup;
			children = (
				1C6812FE277A22630007338F /* AgendaDeContatos.app */,
			);
			name = Products;
			sourceTree = "<group>";
		};
		1C681300277A22630007338F /* AgendaDeContatos */ = {
			isa = PBXGroup;
			children = (
				1C681301277A22630007338F /* AppDelegate.h */,
				1C681302277A22630007338F /* AppDelegate.m */,
				1C681304277A22630007338F /* SceneDelegate.h */,
				1C681305277A22630007338F /* SceneDelegate.m */,
				1C681307277A22630007338F /* ViewController.h */,
				1C681308277A22630007338F /* ViewController.m */,
				1C88DCEE277B997B007FBAC2 /* ListaContatosViewController.h */,
				1C88DCEF277B997B007FBAC2 /* ListaContatosViewController.m */,
				1C06C6B52784E84E001B6564 /* ContatoDao.h */,
				1C06C6B62784E84E001B6564 /* ContatoDao.m */,
				1C68131A277A32CE0007338F /* Contato.h */,
				1C68131B277A32CE0007338F /* Contato.m */,
				1C68130A277A22630007338F /* Main.storyboard */,
				1C68130D277A22650007338F /* Assets.xcassets */,
				1C68130F277A22650007338F /* LaunchScreen.storyboard */,
				1C681312277A22650007338F /* Info.plist */,
				1C681313277A22650007338F /* main.m */,
			);
			path = AgendaDeContatos;
			sourceTree = "<group>";
		};
/* End PBXGroup section */

/* Begin PBXNativeTarget section */
		1C6812FD277A22630007338F /* AgendaDeContatos */ = {
			isa = PBXNativeTarget;
			buildConfigurationList = 1C681317277A22650007338F /* Build configuration list for PBXNativeTarget "AgendaDeContatos" */;
			buildPhases = (
				1C6812FA277A22630007338F /* Sources */,
				1C6812FB277A22630007338F /* Frameworks */,
				1C6812FC277A22630007338F /* Resources */,
			);
			buildRules = (
			);
			dependencies = (
			);
			name = AgendaDeContatos;
			productName = AgendaDeContatos;
			productReference = 1C6812FE277A22630007338F /* AgendaDeContatos.app */;
			productType = "com.apple.product-type.application";
		};
/* End PBXNativeTarget section */

/* Begin PBXProject section */
		1C6812F6277A22630007338F /* Project object */ = {
			isa = PBXProject;
			attributes = {
				BuildIndependentTargetsInParallel = 1;
				LastUpgradeCheck = 1310;
				TargetAttributes = {
					1C6812FD277A22630007338F = {
						CreatedOnToolsVersion = 13.1;
					};
				};
			};
			buildConfigurationList = 1C6812F9277A22630007338F /* Build configuration list for PBXProject "AgendaDeContatos" */;
			compatibilityVersion = "Xcode 13.0";
			developmentRegion = en;
			hasScannedForEncodings = 0;
			knownRegions = (
				en,
				Base,
			);
			mainGroup = 1C6812F5277A22630007338F;
			productRefGroup = 1C6812FF277A22630007338F /* Products */;
			projectDirPath = "";
			projectRoot = "";
			targets = (
				1C6812FD277A22630007338F /* AgendaDeContatos */,
			);
		};
/* End PBXProject section */

/* Begin PBXResourcesBuildPhase section */
		1C6812FC277A22630007338F /* Resources */ = {
			isa = PBXResourcesBuildPhase;
			buildActionMask = 2147483647;
			files = (
				1C681311277A22650007338F /* LaunchScreen.storyboard in Resources */,
				1C68130E277A22650007338F /* Assets.xcassets in Resources */,
				1C68130C277A22630007338F /* Main.storyboard in Resources */,
			);
			runOnlyForDeploymentPostprocessing = 0;
		};
/* End PBXResourcesBuildPhase section */

/* Begin PBXSourcesBuildPhase section */
		1C6812FA277A22630007338F /* Sources */ = {
			isa = PBXSourcesBuildPhase;
			buildActionMask = 2147483647;
			files = (
				1C06C6B72784E84E001B6564 /* ContatoDao.m in Sources */,
				1C68131C277A32CE0007338F /* Contato.m in Sources */,
				1C88DCF0277B997B007FBAC2 /* ListaContatosViewController.m in Sources */,
				1C681309277A22630007338F /* ViewController.m in Sources */,
				1C681303277A22630007338F /* AppDelegate.m in Sources */,
				1C681314277A22650007338F /* main.m in Sources */,
				1C681306277A22630007338F /* SceneDelegate.m in Sources */,
			);
			runOnlyForDeploymentPostprocessing = 0;
		};
/* End PBXSourcesBuildPhase section */

/* Begin PBXVariantGroup section */
		1C68130A277A22630007338F /* Main.storyboard */ = {
			isa = PBXVariantGroup;
			children = (
				1C68130B277A22630007338F /* Base */,
			);
			name = Main.storyboard;
			sourceTree = "<group>";
		};
		1C68130F277A22650007338F /* LaunchScreen.storyboard */ = {
			isa = PBXVariantGroup;
			children = (
				1C681310277A22650007338F /* Base */,
			);
			name = LaunchScreen.storyboard;
			sourceTree = "<group>";
		};
/* End PBXVariantGroup section */

/* Begin XCBuildConfiguration section */
		1C681315277A22650007338F /* Debug */ = {
			isa = XCBuildConfiguration;
			buildSettings = {
				ALWAYS_SEARCH_USER_PATHS = NO;
				CLANG_ANALYZER_NONNULL = YES;
				CLANG_ANALYZER_NUMBER_OBJECT_CONVERSION = YES_AGGRESSIVE;
				CLANG_CXX_LANGUAGE_STANDARD = "gnu++17";
				CLANG_CXX_LIBRARY = "libc++";
				CLANG_ENABLE_MODULES = YES;
				CLANG_ENABLE_OBJC_ARC = YES;
				CLANG_ENABLE_OBJC_WEAK = YES;
				CLANG_WARN_BLOCK_CAPTURE_AUTORELEASING = YES;
				CLANG_WARN_BOOL_CONVERSION = YES;
				CLANG_WARN_COMMA = YES;
				CLANG_WARN_CONSTANT_CONVERSION = YES;
				CLANG_WARN_DEPRECATED_OBJC_IMPLEMENTATIONS = YES;
				CLANG_WARN_DIRECT_OBJC_ISA_USAGE = YES_ERROR;
				CLANG_WARN_DOCUMENTATION_COMMENTS = YES;
				CLANG_WARN_EMPTY_BODY = YES;
				CLANG_WARN_ENUM_CONVERSION = YES;
				CLANG_WARN_INFINITE_RECURSION = YES;
				CLANG_WARN_INT_CONVERSION = YES;
				CLANG_WARN_NON_LITERAL_NULL_CONVERSION = YES;
				CLANG_WARN_OBJC_IMPLICIT_RETAIN_SELF = YES;
				CLANG_WARN_OBJC_LITERAL_CONVERSION = YES;
				CLANG_WARN_OBJC_ROOT_CLASS = YES_ERROR;
				CLANG_WARN_QUOTED_INCLUDE_IN_FRAMEWORK_HEADER = YES;
				CLANG_WARN_RANGE_LOOP_ANALYSIS = YES;
				CLANG_WARN_STRICT_PROTOTYPES = YES;
				CLANG_WARN_SUSPICIOUS_MOVE = YES;
				CLANG_WARN_UNGUARDED_AVAILABILITY = YES_AGGRESSIVE;
				CLANG_WARN_UNREACHABLE_CODE = YES;
				CLANG_WARN__DUPLICATE_METHOD_MATCH = YES;
				COPY_PHASE_STRIP = NO;
				DEBUG_INFORMATION_FORMAT = dwarf;
				ENABLE_STRICT_OBJC_MSGSEND = YES;
				ENABLE_TESTABILITY = YES;
				GCC_C_LANGUAGE_STANDARD = gnu11;
				GCC_DYNAMIC_NO_PIC = NO;
				GCC_NO_COMMON_BLOCKS = YES;
				GCC_OPTIMIZATION_LEVEL = 0;
				GCC_PREPROCESSOR_DEFINITIONS = (
					"DEBUG=1",
					"$(inherited)",
				);
				GCC_WARN_64_TO_32_BIT_CONVERSION = YES;
				GCC_WARN_ABOUT_RETURN_TYPE = YES_ERROR;
				GCC_WARN_UNDECLARED_SELECTOR = YES;
				GCC_WARN_UNINITIALIZED_AUTOS = YES_AGGRESSIVE;
				GCC_WARN_UNUSED_FUNCTION = YES;
				GCC_WARN_UNUSED_VARIABLE = YES;
				IPHONEOS_DEPLOYMENT_TARGET = 15.0;
				MTL_ENABLE_DEBUG_INFO = INCLUDE_SOURCE;
				MTL_FAST_MATH = YES;
				ONLY_ACTIVE_ARCH = YES;
				SDKROOT = iphoneos;
			};
			name = Debug;
		};
		1C681316277A22650007338F /* Release */ = {
			isa = XCBuildConfiguration;
			buildSettings = {
				ALWAYS_SEARCH_USER_PATHS = NO;
				CLANG_ANALYZER_NONNULL = YES;
				CLANG_ANALYZER_NUMBER_OBJECT_CONVERSION = YES_AGGRESSIVE;
				CLANG_CXX_LANGUAGE_STANDARD = "gnu++17";
				CLANG_CXX_LIBRARY = "libc++";
				CLANG_ENABLE_MODULES = YES;
				CLANG_ENABLE_OBJC_ARC = YES;
				CLANG_ENABLE_OBJC_WEAK = YES;
				CLANG_WARN_BLOCK_CAPTURE_AUTORELEASING = YES;
				CLANG_WARN_BOOL_CONVERSION = YES;
				CLANG_WARN_COMMA = YES;
				CLANG_WARN_CONSTANT_CONVERSION = YES;
				CLANG_WARN_DEPRECATED_OBJC_IMPLEMENTATIONS = YES;
				CLANG_WARN_DIRECT_OBJC_ISA_USAGE = YES_ERROR;
				CLANG_WARN_DOCUMENTATION_COMMENTS = YES;
				CLANG_WARN_EMPTY_BODY = YES;
				CLANG_WARN_ENUM_CONVERSION = YES;
				CLANG_WARN_INFINITE_RECURSION = YES;
				CLANG_WARN_INT_CONVERSION = YES;
				CLANG_WARN_NON_LITERAL_NULL_CONVERSION = YES;
				CLANG_WARN_OBJC_IMPLICIT_RETAIN_SELF = YES;
				CLANG_WARN_OBJC_LITERAL_CONVERSION = YES;
				CLANG_WARN_OBJC_ROOT_CLASS = YES_ERROR;
				CLANG_WARN_QUOTED_INCLUDE_IN_FRAMEWORK_HEADER = YES;
				CLANG_WARN_RANGE_LOOP_ANALYSIS = YES;
				CLANG_WARN_STRICT_PROTOTYPES = YES;
				CLANG_WARN_SUSPICIOUS_MOVE = YES;
				CLANG_WARN_UNGUARDED_AVAILABILITY = YES_AGGRESSIVE;
				CLANG_WARN_UNREACHABLE_CODE = YES;
				CLANG_WARN__DUPLICATE_METHOD_MATCH = YES;
				COPY_PHASE_STRIP = NO;
				DEBUG_INFORMATION_FORMAT = "dwarf-with-dsym";
				ENABLE_NS_ASSERTIONS = NO;
				ENABLE_STRICT_OBJC_MSGSEND = YES;
				GCC_C_LANGUAGE_STANDARD = gnu11;
				GCC_NO_COMMON_BLOCKS = YES;
				GCC_WARN_64_TO_32_BIT_CONVERSION = YES;
				GCC_WARN_ABOUT_RETURN_TYPE = YES_ERROR;
				GCC_WARN_UNDECLARED_SELECTOR = YES;
				GCC_WARN_UNINITIALIZED_AUTOS = YES_AGGRESSIVE;
				GCC_WARN_UNUSED_FUNCTION = YES;
				GCC_WARN_UNUSED_VARIABLE = YES;
				IPHONEOS_DEPLOYMENT_TARGET = 15.0;
				MTL_ENABLE_DEBUG_INFO = NO;
				MTL_FAST_MATH = YES;
				SDKROOT = iphoneos;
				VALIDATE_PRODUCT = YES;
			};
			name = Release;
		};
		1C681318277A22650007338F /* Debug */ = {
			isa = XCBuildConfiguration;
			buildSettings = {
				ASSETCATALOG_COMPILER_APPICON_NAME = AppIcon;
				ASSETCATALOG_COMPILER_GLOBAL_ACCENT_COLOR_NAME = AccentColor;
				CODE_SIGN_STYLE = Automatic;
				CURRENT_PROJECT_VERSION = 1;
				DEVELOPMENT_TEAM = LW4D8C52G7;
				GENERATE_INFOPLIST_FILE = YES;
				INFOPLIST_FILE = AgendaDeContatos/Info.plist;
				INFOPLIST_KEY_UIApplicationSupportsIndirectInputEvents = YES;
				INFOPLIST_KEY_UILaunchStoryboardName = LaunchScreen;
				INFOPLIST_KEY_UIMainStoryboardFile = Main;
				INFOPLIST_KEY_UISupportedInterfaceOrientations_iPad = "UIInterfaceOrientationPortrait UIInterfaceOrientationPortraitUpsideDown UIInterfaceOrientationLandscapeLeft UIInterfaceOrientationLandscapeRight";
				INFOPLIST_KEY_UISupportedInterfaceOrientations_iPhone = "UIInterfaceOrientationPortrait UIInterfaceOrientationLandscapeLeft UIInterfaceOrientationLandscapeRight";
				LD_RUNPATH_SEARCH_PATHS = (
					"$(inherited)",
					"@executable_path/Frameworks",
				);
				MARKETING_VERSION = 1.0;
				PRODUCT_BUNDLE_IDENTIFIER = gustavo.rigor.AgendaDeContatos;
				PRODUCT_NAME = "$(TARGET_NAME)";
				SWIFT_EMIT_LOC_STRINGS = YES;
				TARGETED_DEVICE_FAMILY = "1,2";
			};
			name = Debug;
		};
		1C681319277A22650007338F /* Release */ = {
			isa = XCBuildConfiguration;
			buildSettings = {
				ASSETCATALOG_COMPILER_APPICON_NAME = AppIcon;
				ASSETCATALOG_COMPILER_GLOBAL_ACCENT_COLOR_NAME = AccentColor;
				CODE_SIGN_STYLE = Automatic;
				CURRENT_PROJECT_VERSION = 1;
				DEVELOPMENT_TEAM = LW4D8C52G7;
				GENERATE_INFOPLIST_FILE = YES;
				INFOPLIST_FILE = AgendaDeContatos/Info.plist;
				INFOPLIST_KEY_UIApplicationSupportsIndirectInputEvents = YES;
				INFOPLIST_KEY_UILaunchStoryboardName = LaunchScreen;
				INFOPLIST_KEY_UIMainStoryboardFile = Main;
				INFOPLIST_KEY_UISupportedInterfaceOrientations_iPad = "UIInterfaceOrientationPortrait UIInterfaceOrientationPortraitUpsideDown UIInterfaceOrientationLandscapeLeft UIInterfaceOrientationLandscapeRight";
				INFOPLIST_KEY_UISupportedInterfaceOrientations_iPhone = "UIInterfaceOrientationPortrait UIInterfaceOrientationLandscapeLeft UIInterfaceOrientationLandscapeRight";
				LD_RUNPATH_SEARCH_PATHS = (
					"$(inherited)",
					"@executable_path/Frameworks",
				);
				MARKETING_VERSION = 1.0;
				PRODUCT_BUNDLE_IDENTIFIER = gustavo.rigor.AgendaDeContatos;
				PRODUCT_NAME = "$(TARGET_NAME)";
				SWIFT_EMIT_LOC_STRINGS = YES;
				TARGETED_DEVICE_FAMILY = "1,2";
			};
			name = Release;
		};
/* End XCBuildConfiguration section */

/* Begin XCConfigurationList section */
		1C6812F9277A22630007338F /* Build configuration list for PBXProject "AgendaDeContatos" */ = {
			isa = XCConfigurationList;
			buildConfigurations = (
				1C681315277A22650007338F /* Debug */,
				1C681316277A22650007338F /* Release */,
			);
			defaultConfigurationIsVisible = 0;
			defaultConfigurationName = Release;
		};
		1C681317277A22650007338F /* Build configuration list for PBXNativeTarget "AgendaDeContatos" */ = {
			isa = XCConfigurationList;
			buildConfigurations = (
				1C681318277A22650007338F /* Debug */,
				1C681319277A22650007338F /* Release */,
			);
			defaultConfigurationIsVisible = 0;
			defaultConfigurationName = Release;
		};
/* End XCConfigurationList section */
	};
	rootObject = 1C6812F6277A22630007338F /* Project object */;
}
